// !$*UTF8*$!
{
	archiveVersion = 1;
	classes = {
	};
	objectVersion = 56;
	objects = {

/* Begin PBXBuildFile section */
		2D279CCA2C9E6D9300B6D783 /* UserRegisterView.swift in Sources */ = {isa = PBXBuildFile; fileRef = 2D279CC92C9E6D9300B6D783 /* UserRegisterView.swift */; };
		2D6E754F2C82125F0074AA9B /* Assets.xcassets in Resources */ = {isa = PBXBuildFile; fileRef = 2D6E754E2C82125F0074AA9B /* Assets.xcassets */; };
		2D6E75522C82125F0074AA9B /* Preview Assets.xcassets in Resources */ = {isa = PBXBuildFile; fileRef = 2D6E75512C82125F0074AA9B /* Preview Assets.xcassets */; };
		2D6E75572C82125F0074AA9B /* SwiftLearningNovelApp.xcdatamodeld in Sources */ = {isa = PBXBuildFile; fileRef = 2D6E75552C82125F0074AA9B /* SwiftLearningNovelApp.xcdatamodeld */; };
		2D6E75612C8212600074AA9B /* SwiftLearningNovelAppTests.swift in Sources */ = {isa = PBXBuildFile; fileRef = 2D6E75602C8212600074AA9B /* SwiftLearningNovelAppTests.swift */; };
		2D6E756B2C8212600074AA9B /* SwiftLearningNovelAppUITests.swift in Sources */ = {isa = PBXBuildFile; fileRef = 2D6E756A2C8212600074AA9B /* SwiftLearningNovelAppUITests.swift */; };
		2D6E756D2C8212600074AA9B /* SwiftLearningNovelAppUITestsLaunchTests.swift in Sources */ = {isa = PBXBuildFile; fileRef = 2D6E756C2C8212600074AA9B /* SwiftLearningNovelAppUITestsLaunchTests.swift */; };
		2D6E757C2C845D3A0074AA9B /* NovelApp.swift in Sources */ = {isa = PBXBuildFile; fileRef = 2D6E757B2C845D3A0074AA9B /* NovelApp.swift */; };
		2D6E75822C8465C80074AA9B /* HomeView.swift in Sources */ = {isa = PBXBuildFile; fileRef = 2D6E75812C8465C80074AA9B /* HomeView.swift */; };
		2D88BA5D2C8878960083563A /* LoginView.swift in Sources */ = {isa = PBXBuildFile; fileRef = 2D88BA5C2C8878960083563A /* LoginView.swift */; };
		2D88BA602C887D850083563A /* AppState.swift in Sources */ = {isa = PBXBuildFile; fileRef = 2D88BA5F2C887D850083563A /* AppState.swift */; };
		2D88BA622C8880690083563A /* UserPageView.swift in Sources */ = {isa = PBXBuildFile; fileRef = 2D88BA612C8880690083563A /* UserPageView.swift */; };
		2D9BEBF92D267FBF00FD4BEA /* MakeNewNovelView.swift in Sources */ = {isa = PBXBuildFile; fileRef = 2D9BEBF82D267FBF00FD4BEA /* MakeNewNovelView.swift */; };
		2D9BEBFC2D27C15B00FD4BEA /* UserData.swift in Sources */ = {isa = PBXBuildFile; fileRef = 2D9BEBFB2D27C15B00FD4BEA /* UserData.swift */; };
		2D9BEBFE2D27EACF00FD4BEA /* GetUserDataRequest.swift in Sources */ = {isa = PBXBuildFile; fileRef = 2D9BEBFD2D27EACF00FD4BEA /* GetUserDataRequest.swift */; };
		2D9BEC022D27EDDA00FD4BEA /* APIKit in Frameworks */ = {isa = PBXBuildFile; productRef = 2D9BEC012D27EDDA00FD4BEA /* APIKit */; };
		2D9BEC042D2A617C00FD4BEA /* APIClient.swift in Sources */ = {isa = PBXBuildFile; fileRef = 2D9BEC032D2A617C00FD4BEA /* APIClient.swift */; };
		2D9BEC072D2A654400FD4BEA /* LoginInteractor.swift in Sources */ = {isa = PBXBuildFile; fileRef = 2D9BEC062D2A654400FD4BEA /* LoginInteractor.swift */; };
		2D9BEC092D2ACE3700FD4BEA /* PostNewUserDataRequest.swift in Sources */ = {isa = PBXBuildFile; fileRef = 2D9BEC082D2ACE3700FD4BEA /* PostNewUserDataRequest.swift */; };
		2D9BEC0D2D328C3300FD4BEA /* UserRegisterInteractor.swift in Sources */ = {isa = PBXBuildFile; fileRef = 2D9BEC0C2D328C3300FD4BEA /* UserRegisterInteractor.swift */; };
		2D9BEC0F2D32A63A00FD4BEA /* UserDafaultsManager.swift in Sources */ = {isa = PBXBuildFile; fileRef = 2D9BEC0E2D32A63A00FD4BEA /* UserDafaultsManager.swift */; };
		2D9CEE232CD7636200B1C963 /* LoginRouter.swift in Sources */ = {isa = PBXBuildFile; fileRef = 2D9CEE222CD7636200B1C963 /* LoginRouter.swift */; };
		2D9CEE252CD7638600B1C963 /* LoginPresenter.swift in Sources */ = {isa = PBXBuildFile; fileRef = 2D9CEE242CD7638600B1C963 /* LoginPresenter.swift */; };
		2D9CEE272D057C3200B1C963 /* SideMenuView.swift in Sources */ = {isa = PBXBuildFile; fileRef = 2D9CEE262D057C3200B1C963 /* SideMenuView.swift */; };
		2D9DEE4D2C982D3600BE96B4 /* HomePresenter.swift in Sources */ = {isa = PBXBuildFile; fileRef = 2D9DEE4C2C982D3600BE96B4 /* HomePresenter.swift */; };
		2D9DEE502C982FD100BE96B4 /* HomeRouter.swift in Sources */ = {isa = PBXBuildFile; fileRef = 2D9DEE4F2C982FD100BE96B4 /* HomeRouter.swift */; };
		2DA03D8F2D1FD2300094962E /* UserRegisterRouter.swift in Sources */ = {isa = PBXBuildFile; fileRef = 2DA03D8E2D1FD2300094962E /* UserRegisterRouter.swift */; };
		2DA03D912D1FD2500094962E /* UserRegisterPresenter.swift in Sources */ = {isa = PBXBuildFile; fileRef = 2DA03D902D1FD2500094962E /* UserRegisterPresenter.swift */; };
		2DA03D942D23D7DB0094962E /* ColorExtention.swift in Sources */ = {isa = PBXBuildFile; fileRef = 2DA03D932D23D7DB0094962E /* ColorExtention.swift */; };
		2DA03D982D23E9F40094962E /* UserPagePresenter.swift in Sources */ = {isa = PBXBuildFile; fileRef = 2DA03D972D23E9F40094962E /* UserPagePresenter.swift */; };
		2DA03D9A2D23EA110094962E /* UserPageRouter.swift in Sources */ = {isa = PBXBuildFile; fileRef = 2DA03D992D23EA110094962E /* UserPageRouter.swift */; };
/* End PBXBuildFile section */

/* Begin PBXContainerItemProxy section */
		2D6E755D2C8212600074AA9B /* PBXContainerItemProxy */ = {
			isa = PBXContainerItemProxy;
			containerPortal = 2D6E753F2C82125B0074AA9B /* Project object */;
			proxyType = 1;
			remoteGlobalIDString = 2D6E75462C82125B0074AA9B;
			remoteInfo = SwiftLearningNovelApp;
		};
		2D6E75672C8212600074AA9B /* PBXContainerItemProxy */ = {
			isa = PBXContainerItemProxy;
			containerPortal = 2D6E753F2C82125B0074AA9B /* Project object */;
			proxyType = 1;
			remoteGlobalIDString = 2D6E75462C82125B0074AA9B;
			remoteInfo = SwiftLearningNovelApp;
		};
/* End PBXContainerItemProxy section */

/* Begin PBXFileReference section */
		2D279CC92C9E6D9300B6D783 /* UserRegisterView.swift */ = {isa = PBXFileReference; lastKnownFileType = sourcecode.swift; path = UserRegisterView.swift; sourceTree = "<group>"; };
		2D6E75472C82125B0074AA9B /* SwiftLearningNovelApp.app */ = {isa = PBXFileReference; explicitFileType = wrapper.application; includeInIndex = 0; path = SwiftLearningNovelApp.app; sourceTree = BUILT_PRODUCTS_DIR; };
		2D6E754E2C82125F0074AA9B /* Assets.xcassets */ = {isa = PBXFileReference; lastKnownFileType = folder.assetcatalog; path = Assets.xcassets; sourceTree = "<group>"; };
		2D6E75512C82125F0074AA9B /* Preview Assets.xcassets */ = {isa = PBXFileReference; lastKnownFileType = folder.assetcatalog; path = "Preview Assets.xcassets"; sourceTree = "<group>"; };
		2D6E75562C82125F0074AA9B /* SwiftLearningNovelApp.xcdatamodel */ = {isa = PBXFileReference; lastKnownFileType = wrapper.xcdatamodel; path = SwiftLearningNovelApp.xcdatamodel; sourceTree = "<group>"; };
		2D6E755C2C8212600074AA9B /* SwiftLearningNovelAppTests.xctest */ = {isa = PBXFileReference; explicitFileType = wrapper.cfbundle; includeInIndex = 0; path = SwiftLearningNovelAppTests.xctest; sourceTree = BUILT_PRODUCTS_DIR; };
		2D6E75602C8212600074AA9B /* SwiftLearningNovelAppTests.swift */ = {isa = PBXFileReference; lastKnownFileType = sourcecode.swift; path = SwiftLearningNovelAppTests.swift; sourceTree = "<group>"; };
		2D6E75662C8212600074AA9B /* SwiftLearningNovelAppUITests.xctest */ = {isa = PBXFileReference; explicitFileType = wrapper.cfbundle; includeInIndex = 0; path = SwiftLearningNovelAppUITests.xctest; sourceTree = BUILT_PRODUCTS_DIR; };
		2D6E756A2C8212600074AA9B /* SwiftLearningNovelAppUITests.swift */ = {isa = PBXFileReference; lastKnownFileType = sourcecode.swift; path = SwiftLearningNovelAppUITests.swift; sourceTree = "<group>"; };
		2D6E756C2C8212600074AA9B /* SwiftLearningNovelAppUITestsLaunchTests.swift */ = {isa = PBXFileReference; lastKnownFileType = sourcecode.swift; path = SwiftLearningNovelAppUITestsLaunchTests.swift; sourceTree = "<group>"; };
		2D6E757B2C845D3A0074AA9B /* NovelApp.swift */ = {isa = PBXFileReference; lastKnownFileType = sourcecode.swift; path = NovelApp.swift; sourceTree = "<group>"; };
		2D6E75812C8465C80074AA9B /* HomeView.swift */ = {isa = PBXFileReference; lastKnownFileType = sourcecode.swift; path = HomeView.swift; sourceTree = "<group>"; };
		2D88BA5C2C8878960083563A /* LoginView.swift */ = {isa = PBXFileReference; lastKnownFileType = sourcecode.swift; path = LoginView.swift; sourceTree = "<group>"; };
		2D88BA5F2C887D850083563A /* AppState.swift */ = {isa = PBXFileReference; lastKnownFileType = sourcecode.swift; path = AppState.swift; sourceTree = "<group>"; };
		2D88BA612C8880690083563A /* UserPageView.swift */ = {isa = PBXFileReference; lastKnownFileType = sourcecode.swift; path = UserPageView.swift; sourceTree = "<group>"; };
		2D9BEBF82D267FBF00FD4BEA /* MakeNewNovelView.swift */ = {isa = PBXFileReference; lastKnownFileType = sourcecode.swift; path = MakeNewNovelView.swift; sourceTree = "<group>"; };
		2D9BEBFB2D27C15B00FD4BEA /* UserData.swift */ = {isa = PBXFileReference; lastKnownFileType = sourcecode.swift; path = UserData.swift; sourceTree = "<group>"; };
		2D9BEBFD2D27EACF00FD4BEA /* GetUserDataRequest.swift */ = {isa = PBXFileReference; lastKnownFileType = sourcecode.swift; path = GetUserDataRequest.swift; sourceTree = "<group>"; };
		2D9BEC032D2A617C00FD4BEA /* APIClient.swift */ = {isa = PBXFileReference; lastKnownFileType = sourcecode.swift; path = APIClient.swift; sourceTree = "<group>"; };
		2D9BEC062D2A654400FD4BEA /* LoginInteractor.swift */ = {isa = PBXFileReference; lastKnownFileType = sourcecode.swift; path = LoginInteractor.swift; sourceTree = "<group>"; };
		2D9BEC082D2ACE3700FD4BEA /* PostNewUserDataRequest.swift */ = {isa = PBXFileReference; lastKnownFileType = sourcecode.swift; path = PostNewUserDataRequest.swift; sourceTree = "<group>"; };
		2D9BEC0C2D328C3300FD4BEA /* UserRegisterInteractor.swift */ = {isa = PBXFileReference; lastKnownFileType = sourcecode.swift; path = UserRegisterInteractor.swift; sourceTree = "<group>"; };
		2D9BEC0E2D32A63A00FD4BEA /* UserDafaultsManager.swift */ = {isa = PBXFileReference; lastKnownFileType = sourcecode.swift; path = UserDafaultsManager.swift; sourceTree = "<group>"; };
		2D9CEE222CD7636200B1C963 /* LoginRouter.swift */ = {isa = PBXFileReference; lastKnownFileType = sourcecode.swift; path = LoginRouter.swift; sourceTree = "<group>"; };
		2D9CEE242CD7638600B1C963 /* LoginPresenter.swift */ = {isa = PBXFileReference; lastKnownFileType = sourcecode.swift; path = LoginPresenter.swift; sourceTree = "<group>"; };
		2D9CEE262D057C3200B1C963 /* SideMenuView.swift */ = {isa = PBXFileReference; lastKnownFileType = sourcecode.swift; path = SideMenuView.swift; sourceTree = "<group>"; };
		2D9DEE4C2C982D3600BE96B4 /* HomePresenter.swift */ = {isa = PBXFileReference; lastKnownFileType = sourcecode.swift; path = HomePresenter.swift; sourceTree = "<group>"; };
		2D9DEE4F2C982FD100BE96B4 /* HomeRouter.swift */ = {isa = PBXFileReference; lastKnownFileType = sourcecode.swift; path = HomeRouter.swift; sourceTree = "<group>"; };
		2DA03D8E2D1FD2300094962E /* UserRegisterRouter.swift */ = {isa = PBXFileReference; lastKnownFileType = sourcecode.swift; path = UserRegisterRouter.swift; sourceTree = "<group>"; };
		2DA03D902D1FD2500094962E /* UserRegisterPresenter.swift */ = {isa = PBXFileReference; lastKnownFileType = sourcecode.swift; path = UserRegisterPresenter.swift; sourceTree = "<group>"; };
		2DA03D932D23D7DB0094962E /* ColorExtention.swift */ = {isa = PBXFileReference; lastKnownFileType = sourcecode.swift; path = ColorExtention.swift; sourceTree = "<group>"; };
		2DA03D972D23E9F40094962E /* UserPagePresenter.swift */ = {isa = PBXFileReference; lastKnownFileType = sourcecode.swift; path = UserPagePresenter.swift; sourceTree = "<group>"; };
		2DA03D992D23EA110094962E /* UserPageRouter.swift */ = {isa = PBXFileReference; lastKnownFileType = sourcecode.swift; path = UserPageRouter.swift; sourceTree = "<group>"; };
/* End PBXFileReference section */

/* Begin PBXFrameworksBuildPhase section */
		2D6E75442C82125B0074AA9B /* Frameworks */ = {
			isa = PBXFrameworksBuildPhase;
			buildActionMask = 2147483647;
			files = (
				2D9BEC022D27EDDA00FD4BEA /* APIKit in Frameworks */,
			);
			runOnlyForDeploymentPostprocessing = 0;
		};
		2D6E75592C8212600074AA9B /* Frameworks */ = {
			isa = PBXFrameworksBuildPhase;
			buildActionMask = 2147483647;
			files = (
			);
			runOnlyForDeploymentPostprocessing = 0;
		};
		2D6E75632C8212600074AA9B /* Frameworks */ = {
			isa = PBXFrameworksBuildPhase;
			buildActionMask = 2147483647;
			files = (
			);
			runOnlyForDeploymentPostprocessing = 0;
		};
/* End PBXFrameworksBuildPhase section */

/* Begin PBXGroup section */
		2D6E753E2C82125B0074AA9B = {
			isa = PBXGroup;
			children = (
				2D6E75492C82125B0074AA9B /* SwiftLearningNovelApp */,
				2D6E755F2C8212600074AA9B /* SwiftLearningNovelAppTests */,
				2D6E75692C8212600074AA9B /* SwiftLearningNovelAppUITests */,
				2D6E75482C82125B0074AA9B /* Products */,
			);
			sourceTree = "<group>";
		};
		2D6E75482C82125B0074AA9B /* Products */ = {
			isa = PBXGroup;
			children = (
				2D6E75472C82125B0074AA9B /* SwiftLearningNovelApp.app */,
				2D6E755C2C8212600074AA9B /* SwiftLearningNovelAppTests.xctest */,
				2D6E75662C8212600074AA9B /* SwiftLearningNovelAppUITests.xctest */,
			);
			name = Products;
			sourceTree = "<group>";
		};
		2D6E75492C82125B0074AA9B /* SwiftLearningNovelApp */ = {
			isa = PBXGroup;
			children = (
				2DA03D922D23D79C0094962E /* Sources */,
				2D9BEBFA2D27BF8E00FD4BEA /* API */,
				2D88BA5E2C887D4E0083563A /* Entities */,
				2D792E342C8474C0005E26A1 /* Routers */,
				2D792E332C8474AD005E26A1 /* Presenters */,
				2D792E322C84747F005E26A1 /* Interactors */,
				2D6E757A2C845BA70074AA9B /* App */,
				2D6E75792C8457F90074AA9B /* View */,
				2D6E75552C82125F0074AA9B /* SwiftLearningNovelApp.xcdatamodeld */,
				2D6E75502C82125F0074AA9B /* Preview Content */,
			);
			path = SwiftLearningNovelApp;
			sourceTree = "<group>";
		};
		2D6E75502C82125F0074AA9B /* Preview Content */ = {
			isa = PBXGroup;
			children = (
				2D6E75512C82125F0074AA9B /* Preview Assets.xcassets */,
			);
			path = "Preview Content";
			sourceTree = "<group>";
		};
		2D6E755F2C8212600074AA9B /* SwiftLearningNovelAppTests */ = {
			isa = PBXGroup;
			children = (
				2D6E75602C8212600074AA9B /* SwiftLearningNovelAppTests.swift */,
			);
			path = SwiftLearningNovelAppTests;
			sourceTree = "<group>";
		};
		2D6E75692C8212600074AA9B /* SwiftLearningNovelAppUITests */ = {
			isa = PBXGroup;
			children = (
				2D6E756A2C8212600074AA9B /* SwiftLearningNovelAppUITests.swift */,
				2D6E756C2C8212600074AA9B /* SwiftLearningNovelAppUITestsLaunchTests.swift */,
			);
			path = SwiftLearningNovelAppUITests;
			sourceTree = "<group>";
		};
		2D6E75792C8457F90074AA9B /* View */ = {
			isa = PBXGroup;
			children = (
				2DDC20D72C9E6C5900C825D2 /* UserRegister */,
				2D792E362C84752A005E26A1 /* Home */,
				2D9DEE492C9829F300BE96B4 /* Login */,
				2D9DEE4A2C982A0D00BE96B4 /* UserPage */,
				2D9BEBF72D267F4700FD4BEA /* MakeNewNovel */,
			);
			path = View;
			sourceTree = "<group>";
		};
		2D6E757A2C845BA70074AA9B /* App */ = {
			isa = PBXGroup;
			children = (
				2D6E757B2C845D3A0074AA9B /* NovelApp.swift */,
			);
			path = App;
			sourceTree = "<group>";
		};
		2D792E322C84747F005E26A1 /* Interactors */ = {
			isa = PBXGroup;
			children = (
				2D9BEC0B2D328C0600FD4BEA /* UserRegister */,
				2D9BEC0A2D328BF100FD4BEA /* Login */,
			);
			path = Interactors;
			sourceTree = "<group>";
		};
		2D792E332C8474AD005E26A1 /* Presenters */ = {
			isa = PBXGroup;
			children = (
				2DA03D8D2D1FD1C30094962E /* UserRegister */,
				2D9CEE212CD7632600B1C963 /* Login */,
				2D9DEE4B2C982D1000BE96B4 /* Home */,
				2DA03D962D23E94B0094962E /* UserPage */,
			);
			path = Presenters;
			sourceTree = "<group>";
		};
		2D792E342C8474C0005E26A1 /* Routers */ = {
			isa = PBXGroup;
			children = (
				2DA03D8C2D1FD1AC0094962E /* UserRegister */,
				2D9CEE202CD7631B00B1C963 /* Login */,
				2D9DEE4E2C982F9B00BE96B4 /* Home */,
				2DA03D952D23E9340094962E /* UserPage */,
			);
			path = Routers;
			sourceTree = "<group>";
		};
		2D792E362C84752A005E26A1 /* Home */ = {
			isa = PBXGroup;
			children = (
				2D6E75812C8465C80074AA9B /* HomeView.swift */,
			);
			path = Home;
			sourceTree = "<group>";
		};
		2D88BA5E2C887D4E0083563A /* Entities */ = {
			isa = PBXGroup;
			children = (
				2D88BA5F2C887D850083563A /* AppState.swift */,
				2D9BEBFB2D27C15B00FD4BEA /* UserData.swift */,
				2D9BEC0E2D32A63A00FD4BEA /* UserDafaultsManager.swift */,
			);
			path = Entities;
			sourceTree = "<group>";
		};
		2D9BEBF72D267F4700FD4BEA /* MakeNewNovel */ = {
			isa = PBXGroup;
			children = (
				2D9BEBF82D267FBF00FD4BEA /* MakeNewNovelView.swift */,
			);
			path = MakeNewNovel;
			sourceTree = "<group>";
		};
		2D9BEBFA2D27BF8E00FD4BEA /* API */ = {
			isa = PBXGroup;
			children = (
				2D9BEBFD2D27EACF00FD4BEA /* GetUserDataRequest.swift */,
				2D9BEC082D2ACE3700FD4BEA /* PostNewUserDataRequest.swift */,
				2D9BEC032D2A617C00FD4BEA /* APIClient.swift */,
			);
			path = API;
			sourceTree = "<group>";
		};
		2D9BEC0A2D328BF100FD4BEA /* Login */ = {
			isa = PBXGroup;
			children = (
				2D9BEC062D2A654400FD4BEA /* LoginInteractor.swift */,
			);
			path = Login;
			sourceTree = "<group>";
		};
		2D9BEC0B2D328C0600FD4BEA /* UserRegister */ = {
			isa = PBXGroup;
			children = (
				2D9BEC0C2D328C3300FD4BEA /* UserRegisterInteractor.swift */,
			);
			path = UserRegister;
			sourceTree = "<group>";
		};
		2D9CEE202CD7631B00B1C963 /* Login */ = {
			isa = PBXGroup;
			children = (
				2D9CEE222CD7636200B1C963 /* LoginRouter.swift */,
			);
			path = Login;
			sourceTree = "<group>";
		};
		2D9CEE212CD7632600B1C963 /* Login */ = {
			isa = PBXGroup;
			children = (
				2D9CEE242CD7638600B1C963 /* LoginPresenter.swift */,
			);
			path = Login;
			sourceTree = "<group>";
		};
		2D9DEE492C9829F300BE96B4 /* Login */ = {
			isa = PBXGroup;
			children = (
				2D88BA5C2C8878960083563A /* LoginView.swift */,
			);
			path = Login;
			sourceTree = "<group>";
		};
		2D9DEE4A2C982A0D00BE96B4 /* UserPage */ = {
			isa = PBXGroup;
			children = (
				2D88BA612C8880690083563A /* UserPageView.swift */,
				2D9CEE262D057C3200B1C963 /* SideMenuView.swift */,
			);
			path = UserPage;
			sourceTree = "<group>";
		};
		2D9DEE4B2C982D1000BE96B4 /* Home */ = {
			isa = PBXGroup;
			children = (
				2D9DEE4C2C982D3600BE96B4 /* HomePresenter.swift */,
			);
			path = Home;
			sourceTree = "<group>";
		};
		2D9DEE4E2C982F9B00BE96B4 /* Home */ = {
			isa = PBXGroup;
			children = (
				2D9DEE4F2C982FD100BE96B4 /* HomeRouter.swift */,
			);
			path = Home;
			sourceTree = "<group>";
		};
		2DA03D8C2D1FD1AC0094962E /* UserRegister */ = {
			isa = PBXGroup;
			children = (
				2DA03D8E2D1FD2300094962E /* UserRegisterRouter.swift */,
			);
			path = UserRegister;
			sourceTree = "<group>";
		};
		2DA03D8D2D1FD1C30094962E /* UserRegister */ = {
			isa = PBXGroup;
			children = (
				2DA03D902D1FD2500094962E /* UserRegisterPresenter.swift */,
			);
			path = UserRegister;
			sourceTree = "<group>";
		};
		2DA03D922D23D79C0094962E /* Sources */ = {
			isa = PBXGroup;
			children = (
				2D6E754E2C82125F0074AA9B /* Assets.xcassets */,
				2DA03D932D23D7DB0094962E /* ColorExtention.swift */,
			);
			path = Sources;
			sourceTree = "<group>";
		};
		2DA03D952D23E9340094962E /* UserPage */ = {
			isa = PBXGroup;
			children = (
				2DA03D992D23EA110094962E /* UserPageRouter.swift */,
			);
			path = UserPage;
			sourceTree = "<group>";
		};
		2DA03D962D23E94B0094962E /* UserPage */ = {
			isa = PBXGroup;
			children = (
				2DA03D972D23E9F40094962E /* UserPagePresenter.swift */,
			);
			path = UserPage;
			sourceTree = "<group>";
		};
		2DDC20D72C9E6C5900C825D2 /* UserRegister */ = {
			isa = PBXGroup;
			children = (
				2D279CC92C9E6D9300B6D783 /* UserRegisterView.swift */,
			);
			path = UserRegister;
			sourceTree = "<group>";
		};
/* End PBXGroup section */

/* Begin PBXNativeTarget section */
		2D6E75462C82125B0074AA9B /* SwiftLearningNovelApp */ = {
			isa = PBXNativeTarget;
			buildConfigurationList = 2D6E75702C8212600074AA9B /* Build configuration list for PBXNativeTarget "SwiftLearningNovelApp" */;
			buildPhases = (
				2D6E75432C82125B0074AA9B /* Sources */,
				2D6E75442C82125B0074AA9B /* Frameworks */,
				2D6E75452C82125B0074AA9B /* Resources */,
			);
			buildRules = (
			);
			dependencies = (
			);
			name = SwiftLearningNovelApp;
			packageProductDependencies = (
				2D9BEC012D27EDDA00FD4BEA /* APIKit */,
			);
			productName = SwiftLearningNovelApp;
			productReference = 2D6E75472C82125B0074AA9B /* SwiftLearningNovelApp.app */;
			productType = "com.apple.product-type.application";
		};
		2D6E755B2C8212600074AA9B /* SwiftLearningNovelAppTests */ = {
			isa = PBXNativeTarget;
			buildConfigurationList = 2D6E75732C8212600074AA9B /* Build configuration list for PBXNativeTarget "SwiftLearningNovelAppTests" */;
			buildPhases = (
				2D6E75582C8212600074AA9B /* Sources */,
				2D6E75592C8212600074AA9B /* Frameworks */,
				2D6E755A2C8212600074AA9B /* Resources */,
			);
			buildRules = (
			);
			dependencies = (
				2D6E755E2C8212600074AA9B /* PBXTargetDependency */,
			);
			name = SwiftLearningNovelAppTests;
			productName = SwiftLearningNovelAppTests;
			productReference = 2D6E755C2C8212600074AA9B /* SwiftLearningNovelAppTests.xctest */;
			productType = "com.apple.product-type.bundle.unit-test";
		};
		2D6E75652C8212600074AA9B /* SwiftLearningNovelAppUITests */ = {
			isa = PBXNativeTarget;
			buildConfigurationList = 2D6E75762C8212600074AA9B /* Build configuration list for PBXNativeTarget "SwiftLearningNovelAppUITests" */;
			buildPhases = (
				2D6E75622C8212600074AA9B /* Sources */,
				2D6E75632C8212600074AA9B /* Frameworks */,
				2D6E75642C8212600074AA9B /* Resources */,
			);
			buildRules = (
			);
			dependencies = (
				2D6E75682C8212600074AA9B /* PBXTargetDependency */,
			);
			name = SwiftLearningNovelAppUITests;
			productName = SwiftLearningNovelAppUITests;
			productReference = 2D6E75662C8212600074AA9B /* SwiftLearningNovelAppUITests.xctest */;
			productType = "com.apple.product-type.bundle.ui-testing";
		};
/* End PBXNativeTarget section */

/* Begin PBXProject section */
		2D6E753F2C82125B0074AA9B /* Project object */ = {
			isa = PBXProject;
			attributes = {
				BuildIndependentTargetsInParallel = 1;
				LastSwiftUpdateCheck = 1540;
				LastUpgradeCheck = 1540;
				TargetAttributes = {
					2D6E75462C82125B0074AA9B = {
						CreatedOnToolsVersion = 15.4;
					};
					2D6E755B2C8212600074AA9B = {
						CreatedOnToolsVersion = 15.4;
						TestTargetID = 2D6E75462C82125B0074AA9B;
					};
					2D6E75652C8212600074AA9B = {
						CreatedOnToolsVersion = 15.4;
						TestTargetID = 2D6E75462C82125B0074AA9B;
					};
				};
			};
			buildConfigurationList = 2D6E75422C82125B0074AA9B /* Build configuration list for PBXProject "SwiftLearningNovelApp" */;
			compatibilityVersion = "Xcode 14.0";
			developmentRegion = en;
			hasScannedForEncodings = 0;
			knownRegions = (
				en,
				Base,
			);
			mainGroup = 2D6E753E2C82125B0074AA9B;
			packageReferences = (
				2D9BEC002D27EDDA00FD4BEA /* XCRemoteSwiftPackageReference "APIKit" */,
			);
			productRefGroup = 2D6E75482C82125B0074AA9B /* Products */;
			projectDirPath = "";
			projectRoot = "";
			targets = (
				2D6E75462C82125B0074AA9B /* SwiftLearningNovelApp */,
				2D6E755B2C8212600074AA9B /* SwiftLearningNovelAppTests */,
				2D6E75652C8212600074AA9B /* SwiftLearningNovelAppUITests */,
			);
		};
/* End PBXProject section */

/* Begin PBXResourcesBuildPhase section */
		2D6E75452C82125B0074AA9B /* Resources */ = {
			isa = PBXResourcesBuildPhase;
			buildActionMask = 2147483647;
			files = (
				2D6E75522C82125F0074AA9B /* Preview Assets.xcassets in Resources */,
				2D6E754F2C82125F0074AA9B /* Assets.xcassets in Resources */,
			);
			runOnlyForDeploymentPostprocessing = 0;
		};
		2D6E755A2C8212600074AA9B /* Resources */ = {
			isa = PBXResourcesBuildPhase;
			buildActionMask = 2147483647;
			files = (
			);
			runOnlyForDeploymentPostprocessing = 0;
		};
		2D6E75642C8212600074AA9B /* Resources */ = {
			isa = PBXResourcesBuildPhase;
			buildActionMask = 2147483647;
			files = (
			);
			runOnlyForDeploymentPostprocessing = 0;
		};
/* End PBXResourcesBuildPhase section */

/* Begin PBXSourcesBuildPhase section */
		2D6E75432C82125B0074AA9B /* Sources */ = {
			isa = PBXSourcesBuildPhase;
			buildActionMask = 2147483647;
			files = (
				2D9DEE4D2C982D3600BE96B4 /* HomePresenter.swift in Sources */,
				2D9BEC042D2A617C00FD4BEA /* APIClient.swift in Sources */,
				2D6E757C2C845D3A0074AA9B /* NovelApp.swift in Sources */,
				2DA03D912D1FD2500094962E /* UserRegisterPresenter.swift in Sources */,
				2D9BEBFC2D27C15B00FD4BEA /* UserData.swift in Sources */,
				2D88BA602C887D850083563A /* AppState.swift in Sources */,
				2DA03D8F2D1FD2300094962E /* UserRegisterRouter.swift in Sources */,
				2D6E75572C82125F0074AA9B /* SwiftLearningNovelApp.xcdatamodeld in Sources */,
				2DA03D982D23E9F40094962E /* UserPagePresenter.swift in Sources */,
				2D9CEE252CD7638600B1C963 /* LoginPresenter.swift in Sources */,
				2D88BA5D2C8878960083563A /* LoginView.swift in Sources */,
				2DA03D942D23D7DB0094962E /* ColorExtention.swift in Sources */,
				2D9BEC0F2D32A63A00FD4BEA /* UserDafaultsManager.swift in Sources */,
				2D9BEC072D2A654400FD4BEA /* LoginInteractor.swift in Sources */,
				2D9CEE272D057C3200B1C963 /* SideMenuView.swift in Sources */,
				2D9DEE502C982FD100BE96B4 /* HomeRouter.swift in Sources */,
				2D9BEBFE2D27EACF00FD4BEA /* GetUserDataRequest.swift in Sources */,
				2D279CCA2C9E6D9300B6D783 /* UserRegisterView.swift in Sources */,
				2D88BA622C8880690083563A /* UserPageView.swift in Sources */,
				2D9BEBF92D267FBF00FD4BEA /* MakeNewNovelView.swift in Sources */,
				2D9CEE232CD7636200B1C963 /* LoginRouter.swift in Sources */,
				2DA03D9A2D23EA110094962E /* UserPageRouter.swift in Sources */,
				2D9BEC092D2ACE3700FD4BEA /* PostNewUserDataRequest.swift in Sources */,
				2D9BEC0D2D328C3300FD4BEA /* UserRegisterInteractor.swift in Sources */,
				2D6E75822C8465C80074AA9B /* HomeView.swift in Sources */,
			);
			runOnlyForDeploymentPostprocessing = 0;
		};
		2D6E75582C8212600074AA9B /* Sources */ = {
			isa = PBXSourcesBuildPhase;
			buildActionMask = 2147483647;
			files = (
				2D6E75612C8212600074AA9B /* SwiftLearningNovelAppTests.swift in Sources */,
			);
			runOnlyForDeploymentPostprocessing = 0;
		};
		2D6E75622C8212600074AA9B /* Sources */ = {
			isa = PBXSourcesBuildPhase;
			buildActionMask = 2147483647;
			files = (
				2D6E756B2C8212600074AA9B /* SwiftLearningNovelAppUITests.swift in Sources */,
				2D6E756D2C8212600074AA9B /* SwiftLearningNovelAppUITestsLaunchTests.swift in Sources */,
			);
			runOnlyForDeploymentPostprocessing = 0;
		};
/* End PBXSourcesBuildPhase section */

/* Begin PBXTargetDependency section */
		2D6E755E2C8212600074AA9B /* PBXTargetDependency */ = {
			isa = PBXTargetDependency;
			target = 2D6E75462C82125B0074AA9B /* SwiftLearningNovelApp */;
			targetProxy = 2D6E755D2C8212600074AA9B /* PBXContainerItemProxy */;
		};
		2D6E75682C8212600074AA9B /* PBXTargetDependency */ = {
			isa = PBXTargetDependency;
			target = 2D6E75462C82125B0074AA9B /* SwiftLearningNovelApp */;
			targetProxy = 2D6E75672C8212600074AA9B /* PBXContainerItemProxy */;
		};
/* End PBXTargetDependency section */

/* Begin XCBuildConfiguration section */
		2D6E756E2C8212600074AA9B /* Debug */ = {
			isa = XCBuildConfiguration;
			buildSettings = {
				ALWAYS_SEARCH_USER_PATHS = NO;
				ASSETCATALOG_COMPILER_GENERATE_SWIFT_ASSET_SYMBOL_EXTENSIONS = YES;
				CLANG_ANALYZER_NONNULL = YES;
				CLANG_ANALYZER_NUMBER_OBJECT_CONVERSION = YES_AGGRESSIVE;
				CLANG_CXX_LANGUAGE_STANDARD = "gnu++20";
				CLANG_ENABLE_MODULES = YES;
				CLANG_ENABLE_OBJC_ARC = YES;
				CLANG_ENABLE_OBJC_WEAK = YES;
				CLANG_WARN_BLOCK_CAPTURE_AUTORELEASING = YES;
				CLANG_WARN_BOOL_CONVERSION = YES;
				CLANG_WARN_COMMA = YES;
				CLANG_WARN_CONSTANT_CONVERSION = YES;
				CLANG_WARN_DEPRECATED_OBJC_IMPLEMENTATIONS = YES;
				CLANG_WARN_DIRECT_OBJC_ISA_USAGE = YES_ERROR;
				CLANG_WARN_DOCUMENTATION_COMMENTS = YES;
				CLANG_WARN_EMPTY_BODY = YES;
				CLANG_WARN_ENUM_CONVERSION = YES;
				CLANG_WARN_INFINITE_RECURSION = YES;
				CLANG_WARN_INT_CONVERSION = YES;
				CLANG_WARN_NON_LITERAL_NULL_CONVERSION = YES;
				CLANG_WARN_OBJC_IMPLICIT_RETAIN_SELF = YES;
				CLANG_WARN_OBJC_LITERAL_CONVERSION = YES;
				CLANG_WARN_OBJC_ROOT_CLASS = YES_ERROR;
				CLANG_WARN_QUOTED_INCLUDE_IN_FRAMEWORK_HEADER = YES;
				CLANG_WARN_RANGE_LOOP_ANALYSIS = YES;
				CLANG_WARN_STRICT_PROTOTYPES = YES;
				CLANG_WARN_SUSPICIOUS_MOVE = YES;
				CLANG_WARN_UNGUARDED_AVAILABILITY = YES_AGGRESSIVE;
				CLANG_WARN_UNREACHABLE_CODE = YES;
				CLANG_WARN__DUPLICATE_METHOD_MATCH = YES;
				COPY_PHASE_STRIP = NO;
				DEBUG_INFORMATION_FORMAT = dwarf;
				ENABLE_STRICT_OBJC_MSGSEND = YES;
				ENABLE_TESTABILITY = YES;
				ENABLE_USER_SCRIPT_SANDBOXING = YES;
				GCC_C_LANGUAGE_STANDARD = gnu17;
				GCC_DYNAMIC_NO_PIC = NO;
				GCC_NO_COMMON_BLOCKS = YES;
				GCC_OPTIMIZATION_LEVEL = 0;
				GCC_PREPROCESSOR_DEFINITIONS = (
					"DEBUG=1",
					"$(inherited)",
				);
				GCC_WARN_64_TO_32_BIT_CONVERSION = YES;
				GCC_WARN_ABOUT_RETURN_TYPE = YES_ERROR;
				GCC_WARN_UNDECLARED_SELECTOR = YES;
				GCC_WARN_UNINITIALIZED_AUTOS = YES_AGGRESSIVE;
				GCC_WARN_UNUSED_FUNCTION = YES;
				GCC_WARN_UNUSED_VARIABLE = YES;
				IPHONEOS_DEPLOYMENT_TARGET = 17.5;
				LOCALIZATION_PREFERS_STRING_CATALOGS = YES;
				MTL_ENABLE_DEBUG_INFO = INCLUDE_SOURCE;
				MTL_FAST_MATH = YES;
				ONLY_ACTIVE_ARCH = YES;
				SDKROOT = iphoneos;
				SWIFT_ACTIVE_COMPILATION_CONDITIONS = "DEBUG $(inherited)";
				SWIFT_OPTIMIZATION_LEVEL = "-Onone";
			};
			name = Debug;
		};
		2D6E756F2C8212600074AA9B /* Release */ = {
			isa = XCBuildConfiguration;
			buildSettings = {
				ALWAYS_SEARCH_USER_PATHS = NO;
				ASSETCATALOG_COMPILER_GENERATE_SWIFT_ASSET_SYMBOL_EXTENSIONS = YES;
				CLANG_ANALYZER_NONNULL = YES;
				CLANG_ANALYZER_NUMBER_OBJECT_CONVERSION = YES_AGGRESSIVE;
				CLANG_CXX_LANGUAGE_STANDARD = "gnu++20";
				CLANG_ENABLE_MODULES = YES;
				CLANG_ENABLE_OBJC_ARC = YES;
				CLANG_ENABLE_OBJC_WEAK = YES;
				CLANG_WARN_BLOCK_CAPTURE_AUTORELEASING = YES;
				CLANG_WARN_BOOL_CONVERSION = YES;
				CLANG_WARN_COMMA = YES;
				CLANG_WARN_CONSTANT_CONVERSION = YES;
				CLANG_WARN_DEPRECATED_OBJC_IMPLEMENTATIONS = YES;
				CLANG_WARN_DIRECT_OBJC_ISA_USAGE = YES_ERROR;
				CLANG_WARN_DOCUMENTATION_COMMENTS = YES;
				CLANG_WARN_EMPTY_BODY = YES;
				CLANG_WARN_ENUM_CONVERSION = YES;
				CLANG_WARN_INFINITE_RECURSION = YES;
				CLANG_WARN_INT_CONVERSION = YES;
				CLANG_WARN_NON_LITERAL_NULL_CONVERSION = YES;
				CLANG_WARN_OBJC_IMPLICIT_RETAIN_SELF = YES;
				CLANG_WARN_OBJC_LITERAL_CONVERSION = YES;
				CLANG_WARN_OBJC_ROOT_CLASS = YES_ERROR;
				CLANG_WARN_QUOTED_INCLUDE_IN_FRAMEWORK_HEADER = YES;
				CLANG_WARN_RANGE_LOOP_ANALYSIS = YES;
				CLANG_WARN_STRICT_PROTOTYPES = YES;
				CLANG_WARN_SUSPICIOUS_MOVE = YES;
				CLANG_WARN_UNGUARDED_AVAILABILITY = YES_AGGRESSIVE;
				CLANG_WARN_UNREACHABLE_CODE = YES;
				CLANG_WARN__DUPLICATE_METHOD_MATCH = YES;
				COPY_PHASE_STRIP = NO;
				DEBUG_INFORMATION_FORMAT = "dwarf-with-dsym";
				ENABLE_NS_ASSERTIONS = NO;
				ENABLE_STRICT_OBJC_MSGSEND = YES;
				ENABLE_USER_SCRIPT_SANDBOXING = YES;
				GCC_C_LANGUAGE_STANDARD = gnu17;
				GCC_NO_COMMON_BLOCKS = YES;
				GCC_WARN_64_TO_32_BIT_CONVERSION = YES;
				GCC_WARN_ABOUT_RETURN_TYPE = YES_ERROR;
				GCC_WARN_UNDECLARED_SELECTOR = YES;
				GCC_WARN_UNINITIALIZED_AUTOS = YES_AGGRESSIVE;
				GCC_WARN_UNUSED_FUNCTION = YES;
				GCC_WARN_UNUSED_VARIABLE = YES;
				IPHONEOS_DEPLOYMENT_TARGET = 17.5;
				LOCALIZATION_PREFERS_STRING_CATALOGS = YES;
				MTL_ENABLE_DEBUG_INFO = NO;
				MTL_FAST_MATH = YES;
				SDKROOT = iphoneos;
				SWIFT_COMPILATION_MODE = wholemodule;
				VALIDATE_PRODUCT = YES;
			};
			name = Release;
		};
		2D6E75712C8212600074AA9B /* Debug */ = {
			isa = XCBuildConfiguration;
			buildSettings = {
				ASSETCATALOG_COMPILER_APPICON_NAME = AppIcon;
				ASSETCATALOG_COMPILER_GLOBAL_ACCENT_COLOR_NAME = AccentColor;
				CODE_SIGN_STYLE = Automatic;
				CURRENT_PROJECT_VERSION = 1;
				DEVELOPMENT_ASSET_PATHS = "\"SwiftLearningNovelApp/Preview Content\"";
				ENABLE_PREVIEWS = YES;
				GENERATE_INFOPLIST_FILE = YES;
				INFOPLIST_KEY_UIApplicationSceneManifest_Generation = YES;
				INFOPLIST_KEY_UIApplicationSupportsIndirectInputEvents = YES;
				INFOPLIST_KEY_UILaunchScreen_Generation = YES;
				INFOPLIST_KEY_UISupportedInterfaceOrientations_iPad = "UIInterfaceOrientationPortrait UIInterfaceOrientationPortraitUpsideDown UIInterfaceOrientationLandscapeLeft UIInterfaceOrientationLandscapeRight";
				INFOPLIST_KEY_UISupportedInterfaceOrientations_iPhone = "UIInterfaceOrientationPortrait UIInterfaceOrientationLandscapeLeft UIInterfaceOrientationLandscapeRight";
				LD_RUNPATH_SEARCH_PATHS = (
					"$(inherited)",
					"@executable_path/Frameworks",
				);
				MARKETING_VERSION = 1.0;
				PRODUCT_BUNDLE_IDENTIFIER = com.gmail.lo0750oz.SwiftLearningNovelApp;
				PRODUCT_NAME = "$(TARGET_NAME)";
				SWIFT_EMIT_LOC_STRINGS = YES;
				SWIFT_VERSION = 5.0;
				TARGETED_DEVICE_FAMILY = "1,2";
			};
			name = Debug;
		};
		2D6E75722C8212600074AA9B /* Release */ = {
			isa = XCBuildConfiguration;
			buildSettings = {
				ASSETCATALOG_COMPILER_APPICON_NAME = AppIcon;
				ASSETCATALOG_COMPILER_GLOBAL_ACCENT_COLOR_NAME = AccentColor;
				CODE_SIGN_STYLE = Automatic;
				CURRENT_PROJECT_VERSION = 1;
				DEVELOPMENT_ASSET_PATHS = "\"SwiftLearningNovelApp/Preview Content\"";
				ENABLE_PREVIEWS = YES;
				GENERATE_INFOPLIST_FILE = YES;
				INFOPLIST_KEY_UIApplicationSceneManifest_Generation = YES;
				INFOPLIST_KEY_UIApplicationSupportsIndirectInputEvents = YES;
				INFOPLIST_KEY_UILaunchScreen_Generation = YES;
				INFOPLIST_KEY_UISupportedInterfaceOrientations_iPad = "UIInterfaceOrientationPortrait UIInterfaceOrientationPortraitUpsideDown UIInterfaceOrientationLandscapeLeft UIInterfaceOrientationLandscapeRight";
				INFOPLIST_KEY_UISupportedInterfaceOrientations_iPhone = "UIInterfaceOrientationPortrait UIInterfaceOrientationLandscapeLeft UIInterfaceOrientationLandscapeRight";
				LD_RUNPATH_SEARCH_PATHS = (
					"$(inherited)",
					"@executable_path/Frameworks",
				);
				MARKETING_VERSION = 1.0;
				PRODUCT_BUNDLE_IDENTIFIER = com.gmail.lo0750oz.SwiftLearningNovelApp;
				PRODUCT_NAME = "$(TARGET_NAME)";
				SWIFT_EMIT_LOC_STRINGS = YES;
				SWIFT_VERSION = 5.0;
				TARGETED_DEVICE_FAMILY = "1,2";
			};
			name = Release;
		};
		2D6E75742C8212600074AA9B /* Debug */ = {
			isa = XCBuildConfiguration;
			buildSettings = {
				ALWAYS_EMBED_SWIFT_STANDARD_LIBRARIES = YES;
				BUNDLE_LOADER = "$(TEST_HOST)";
				CODE_SIGN_STYLE = Automatic;
				CURRENT_PROJECT_VERSION = 1;
				GENERATE_INFOPLIST_FILE = YES;
				IPHONEOS_DEPLOYMENT_TARGET = 17.5;
				MARKETING_VERSION = 1.0;
				PRODUCT_BUNDLE_IDENTIFIER = com.gmail.lo0750oz.SwiftLearningNovelAppTests;
				PRODUCT_NAME = "$(TARGET_NAME)";
				SWIFT_EMIT_LOC_STRINGS = NO;
				SWIFT_VERSION = 5.0;
				TARGETED_DEVICE_FAMILY = "1,2";
				TEST_HOST = "$(BUILT_PRODUCTS_DIR)/SwiftLearningNovelApp.app/$(BUNDLE_EXECUTABLE_FOLDER_PATH)/SwiftLearningNovelApp";
			};
			name = Debug;
		};
		2D6E75752C8212600074AA9B /* Release */ = {
			isa = XCBuildConfiguration;
			buildSettings = {
				ALWAYS_EMBED_SWIFT_STANDARD_LIBRARIES = YES;
				BUNDLE_LOADER = "$(TEST_HOST)";
				CODE_SIGN_STYLE = Automatic;
				CURRENT_PROJECT_VERSION = 1;
				GENERATE_INFOPLIST_FILE = YES;
				IPHONEOS_DEPLOYMENT_TARGET = 17.5;
				MARKETING_VERSION = 1.0;
				PRODUCT_BUNDLE_IDENTIFIER = com.gmail.lo0750oz.SwiftLearningNovelAppTests;
				PRODUCT_NAME = "$(TARGET_NAME)";
				SWIFT_EMIT_LOC_STRINGS = NO;
				SWIFT_VERSION = 5.0;
				TARGETED_DEVICE_FAMILY = "1,2";
				TEST_HOST = "$(BUILT_PRODUCTS_DIR)/SwiftLearningNovelApp.app/$(BUNDLE_EXECUTABLE_FOLDER_PATH)/SwiftLearningNovelApp";
			};
			name = Release;
		};
		2D6E75772C8212600074AA9B /* Debug */ = {
			isa = XCBuildConfiguration;
			buildSettings = {
				ALWAYS_EMBED_SWIFT_STANDARD_LIBRARIES = YES;
				CODE_SIGN_STYLE = Automatic;
				CURRENT_PROJECT_VERSION = 1;
				GENERATE_INFOPLIST_FILE = YES;
				MARKETING_VERSION = 1.0;
				PRODUCT_BUNDLE_IDENTIFIER = com.gmail.lo0750oz.SwiftLearningNovelAppUITests;
				PRODUCT_NAME = "$(TARGET_NAME)";
				SWIFT_EMIT_LOC_STRINGS = NO;
				SWIFT_VERSION = 5.0;
				TARGETED_DEVICE_FAMILY = "1,2";
				TEST_TARGET_NAME = SwiftLearningNovelApp;
			};
			name = Debug;
		};
		2D6E75782C8212600074AA9B /* Release */ = {
			isa = XCBuildConfiguration;
			buildSettings = {
				ALWAYS_EMBED_SWIFT_STANDARD_LIBRARIES = YES;
				CODE_SIGN_STYLE = Automatic;
				CURRENT_PROJECT_VERSION = 1;
				GENERATE_INFOPLIST_FILE = YES;
				MARKETING_VERSION = 1.0;
				PRODUCT_BUNDLE_IDENTIFIER = com.gmail.lo0750oz.SwiftLearningNovelAppUITests;
				PRODUCT_NAME = "$(TARGET_NAME)";
				SWIFT_EMIT_LOC_STRINGS = NO;
				SWIFT_VERSION = 5.0;
				TARGETED_DEVICE_FAMILY = "1,2";
				TEST_TARGET_NAME = SwiftLearningNovelApp;
			};
			name = Release;
		};
/* End XCBuildConfiguration section */

/* Begin XCConfigurationList section */
		2D6E75422C82125B0074AA9B /* Build configuration list for PBXProject "SwiftLearningNovelApp" */ = {
			isa = XCConfigurationList;
			buildConfigurations = (
				2D6E756E2C8212600074AA9B /* Debug */,
				2D6E756F2C8212600074AA9B /* Release */,
			);
			defaultConfigurationIsVisible = 0;
			defaultConfigurationName = Release;
		};
		2D6E75702C8212600074AA9B /* Build configuration list for PBXNativeTarget "SwiftLearningNovelApp" */ = {
			isa = XCConfigurationList;
			buildConfigurations = (
				2D6E75712C8212600074AA9B /* Debug */,
				2D6E75722C8212600074AA9B /* Release */,
			);
			defaultConfigurationIsVisible = 0;
			defaultConfigurationName = Release;
		};
		2D6E75732C8212600074AA9B /* Build configuration list for PBXNativeTarget "SwiftLearningNovelAppTests" */ = {
			isa = XCConfigurationList;
			buildConfigurations = (
				2D6E75742C8212600074AA9B /* Debug */,
				2D6E75752C8212600074AA9B /* Release */,
			);
			defaultConfigurationIsVisible = 0;
			defaultConfigurationName = Release;
		};
		2D6E75762C8212600074AA9B /* Build configuration list for PBXNativeTarget "SwiftLearningNovelAppUITests" */ = {
			isa = XCConfigurationList;
			buildConfigurations = (
				2D6E75772C8212600074AA9B /* Debug */,
				2D6E75782C8212600074AA9B /* Release */,
			);
			defaultConfigurationIsVisible = 0;
			defaultConfigurationName = Release;
		};
/* End XCConfigurationList section */

/* Begin XCRemoteSwiftPackageReference section */
		2D9BEC002D27EDDA00FD4BEA /* XCRemoteSwiftPackageReference "APIKit" */ = {
			isa = XCRemoteSwiftPackageReference;
			repositoryURL = "https://github.com/ishkawa/APIKit";
			requirement = {
				kind = upToNextMajorVersion;
				minimumVersion = 5.4.0;
			};
		};
/* End XCRemoteSwiftPackageReference section */

/* Begin XCSwiftPackageProductDependency section */
		2D9BEC012D27EDDA00FD4BEA /* APIKit */ = {
			isa = XCSwiftPackageProductDependency;
			package = 2D9BEC002D27EDDA00FD4BEA /* XCRemoteSwiftPackageReference "APIKit" */;
			productName = APIKit;
		};
/* End XCSwiftPackageProductDependency section */

/* Begin XCVersionGroup section */
		2D6E75552C82125F0074AA9B /* SwiftLearningNovelApp.xcdatamodeld */ = {
			isa = XCVersionGroup;
			children = (
				2D6E75562C82125F0074AA9B /* SwiftLearningNovelApp.xcdatamodel */,
			);
			currentVersion = 2D6E75562C82125F0074AA9B /* SwiftLearningNovelApp.xcdatamodel */;
			path = SwiftLearningNovelApp.xcdatamodeld;
			sourceTree = "<group>";
			versionGroupType = wrapper.xcdatamodel;
		};
/* End XCVersionGroup section */
	};
	rootObject = 2D6E753F2C82125B0074AA9B /* Project object */;
}
